
Microsoft Visual Studio Solution File, Format Version 12.00
# Visual Studio Version 17
VisualStudioVersion = 17.2.32505.173
MinimumVisualStudioVersion = 10.0.40219.1
Project("{9A19103F-16F7-4668-BE54-9A1E7A4F7556}") = "ExchangeRatesDataAPI", "ExchangeRatesDataAPI\ExchangeRatesDataAPI.csproj", "{E40BC331-86DA-4CF2-B439-2C14582F281A}"
EndProject
Project("{FAE04EC0-301F-11D3-BF4B-00C04F79EFBC}") = "CreateOrderDetail", "CreateOrderDetail\CreateOrderDetail.csproj", "{61202A57-337A-42CA-BBB7-83EB78A1733B}"
EndProject
Global
	GlobalSection(SolutionConfigurationPlatforms) = preSolution
		Debug|Any CPU = Debug|Any CPU
		Release|Any CPU = Release|Any CPU
	EndGlobalSection
	GlobalSection(ProjectConfigurationPlatforms) = postSolution
		{E40BC331-86DA-4CF2-B439-2C14582F281A}.Debug|Any CPU.ActiveCfg = Debug|Any CPU
		{E40BC331-86DA-4CF2-B439-2C14582F281A}.Debug|Any CPU.Build.0 = Debug|Any CPU
		{E40BC331-86DA-4CF2-B439-2C14582F281A}.Release|Any CPU.ActiveCfg = Release|Any CPU
		{E40BC331-86DA-4CF2-B439-2C14582F281A}.Release|Any CPU.Build.0 = Release|Any CPU
		{61202A57-337A-42CA-BBB7-83EB78A1733B}.Debug|Any CPU.ActiveCfg = Debug|Any CPU
		{61202A57-337A-42CA-BBB7-83EB78A1733B}.Debug|Any CPU.Build.0 = Debug|Any CPU
		{61202A57-337A-42CA-BBB7-83EB78A1733B}.Release|Any CPU.ActiveCfg = Release|Any CPU
		{61202A57-337A-42CA-BBB7-83EB78A1733B}.Release|Any CPU.Build.0 = Release|Any CPU
	EndGlobalSection
	GlobalSection(SolutionProperties) = preSolution
		HideSolutionNode = FALSE
	EndGlobalSection
	GlobalSection(ExtensibilityGlobals) = postSolution
		SolutionGuid = {84B7A1D5-797F-44F5-A3DE-FED7A9BCBFD9}
	EndGlobalSection
EndGlobal
